
Microsoft Visual Studio Solution File, Format Version 12.00
# Visual Studio Version 16
VisualStudioVersion = 16.0.29001.49
MinimumVisualStudioVersion = 10.0.40219.1
Project("{9A19103F-16F7-4668-BE54-9A1E7A4F7556}") = "CodingClass_7_3_2019", "CodingClass_7_3_2019\CodingClass_7_3_2019.csproj", "{720085E5-91C8-47C6-8F34-47ACE9785F1F}"
EndProject
Project("{FAE04EC0-301F-11D3-BF4B-00C04F79EFBC}") = "CodingClassUI", "CodingClassUI\CodingClassUI.csproj", "{5E93F5A9-9050-46EE-8863-DA94192375C2}"
EndProject
Global
	GlobalSection(SolutionConfigurationPlatforms) = preSolution
		Debug|Any CPU = Debug|Any CPU
		Release|Any CPU = Release|Any CPU
	EndGlobalSection
	GlobalSection(ProjectConfigurationPlatforms) = postSolution
		{720085E5-91C8-47C6-8F34-47ACE9785F1F}.Debug|Any CPU.ActiveCfg = Debug|Any CPU
		{720085E5-91C8-47C6-8F34-47ACE9785F1F}.Debug|Any CPU.Build.0 = Debug|Any CPU
		{720085E5-91C8-47C6-8F34-47ACE9785F1F}.Release|Any CPU.ActiveCfg = Release|Any CPU
		{720085E5-91C8-47C6-8F34-47ACE9785F1F}.Release|Any CPU.Build.0 = Release|Any CPU
		{5E93F5A9-9050-46EE-8863-DA94192375C2}.Debug|Any CPU.ActiveCfg = Debug|Any CPU
		{5E93F5A9-9050-46EE-8863-DA94192375C2}.Debug|Any CPU.Build.0 = Debug|Any CPU
		{5E93F5A9-9050-46EE-8863-DA94192375C2}.Release|Any CPU.ActiveCfg = Release|Any CPU
		{5E93F5A9-9050-46EE-8863-DA94192375C2}.Release|Any CPU.Build.0 = Release|Any CPU
	EndGlobalSection
	GlobalSection(SolutionProperties) = preSolution
		HideSolutionNode = FALSE
	EndGlobalSection
	GlobalSection(ExtensibilityGlobals) = postSolution
		SolutionGuid = {4D0239F3-88F2-4E38-B844-72B183982432}
	EndGlobalSection
EndGlobal
